
Microsoft Visual Studio Solution File, Format Version 12.00
# Visual Studio Version 17
VisualStudioVersion = 17.9.34902.65
MinimumVisualStudioVersion = 10.0.40219.1
Project("{FAE04EC0-301F-11D3-BF4B-00C04F79EFBC}") = "MobilyaSatisOtomasyonu", "MobilyaSatisOtomasyonu\MobilyaSatisOtomasyonu.csproj", "{33DF25F9-0FB8-478B-99CC-220A45DF4435}"
EndProject
Global
	GlobalSection(SolutionConfigurationPlatforms) = preSolution
		Debug|Any CPU = Debug|Any CPU
		Release|Any CPU = Release|Any CPU
	EndGlobalSection
	GlobalSection(ProjectConfigurationPlatforms) = postSolution
		{33DF25F9-0FB8-478B-99CC-220A45DF4435}.Debug|Any CPU.ActiveCfg = Debug|Any CPU
		{33DF25F9-0FB8-478B-99CC-220A45DF4435}.Debug|Any CPU.Build.0 = Debug|Any CPU
		{33DF25F9-0FB8-478B-99CC-220A45DF4435}.Release|Any CPU.ActiveCfg = Release|Any CPU
		{33DF25F9-0FB8-478B-99CC-220A45DF4435}.Release|Any CPU.Build.0 = Release|Any CPU
	EndGlobalSection
	GlobalSection(SolutionProperties) = preSolution
		HideSolutionNode = FALSE
	EndGlobalSection
	GlobalSection(ExtensibilityGlobals) = postSolution
		SolutionGuid = {5B67E04F-DB8E-4FA9-B12F-FD0BBA88EE83}
	EndGlobalSection
EndGlobal
